// !$*UTF8*$!
{
	archiveVersion = 1;
	classes = {
	};
	objectVersion = 46;
	objects = {

/* Begin PBXBuildFile section */
		3E9498971C6BCA4600342B1D /* AppDelegate.swift in Sources */ = {isa = PBXBuildFile; fileRef = 3E9498961C6BCA4600342B1D /* AppDelegate.swift */; };
		3E94989C1C6BCA4600342B1D /* Main.storyboard in Resources */ = {isa = PBXBuildFile; fileRef = 3E94989A1C6BCA4600342B1D /* Main.storyboard */; };
		3E94989F1C6BCA4600342B1D /* OpenLibraryFinal.xcdatamodeld in Sources */ = {isa = PBXBuildFile; fileRef = 3E94989D1C6BCA4600342B1D /* OpenLibraryFinal.xcdatamodeld */; };
		3E9498A11C6BCA4700342B1D /* Assets.xcassets in Resources */ = {isa = PBXBuildFile; fileRef = 3E9498A01C6BCA4700342B1D /* Assets.xcassets */; };
		3E9498A41C6BCA4700342B1D /* LaunchScreen.storyboard in Resources */ = {isa = PBXBuildFile; fileRef = 3E9498A21C6BCA4700342B1D /* LaunchScreen.storyboard */; };
		3E9498AD1C6BCC9C00342B1D /* CellViewController.swift in Sources */ = {isa = PBXBuildFile; fileRef = 3E9498AB1C6BCC9C00342B1D /* CellViewController.swift */; };
		3E9498AE1C6BCC9C00342B1D /* MainController.swift in Sources */ = {isa = PBXBuildFile; fileRef = 3E9498AC1C6BCC9C00342B1D /* MainController.swift */; };
/* End PBXBuildFile section */

/* Begin PBXFileReference section */
		3E9498931C6BCA4600342B1D /* OpenLibraryFinal.app */ = {isa = PBXFileReference; explicitFileType = wrapper.application; includeInIndex = 0; path = OpenLibraryFinal.app; sourceTree = BUILT_PRODUCTS_DIR; };
		3E9498961C6BCA4600342B1D /* AppDelegate.swift */ = {isa = PBXFileReference; lastKnownFileType = sourcecode.swift; path = AppDelegate.swift; sourceTree = "<group>"; };
		3E94989B1C6BCA4600342B1D /* Base */ = {isa = PBXFileReference; lastKnownFileType = file.storyboard; name = Base; path = Base.lproj/Main.storyboard; sourceTree = "<group>"; };
		3E94989E1C6BCA4600342B1D /* OpenLibraryFinal.xcdatamodel */ = {isa = PBXFileReference; lastKnownFileType = wrapper.xcdatamodel; path = OpenLibraryFinal.xcdatamodel; sourceTree = "<group>"; };
		3E9498A01C6BCA4700342B1D /* Assets.xcassets */ = {isa = PBXFileReference; lastKnownFileType = folder.assetcatalog; path = Assets.xcassets; sourceTree = "<group>"; };
		3E9498A31C6BCA4700342B1D /* Base */ = {isa = PBXFileReference; lastKnownFileType = file.storyboard; name = Base; path = Base.lproj/LaunchScreen.storyboard; sourceTree = "<group>"; };
		3E9498A51C6BCA4700342B1D /* Info.plist */ = {isa = PBXFileReference; lastKnownFileType = text.plist.xml; path = Info.plist; sourceTree = "<group>"; };
		3E9498AB1C6BCC9C00342B1D /* CellViewController.swift */ = {isa = PBXFileReference; fileEncoding = 4; lastKnownFileType = sourcecode.swift; path = CellViewController.swift; sourceTree = "<group>"; };
		3E9498AC1C6BCC9C00342B1D /* MainController.swift */ = {isa = PBXFileReference; fileEncoding = 4; lastKnownFileType = sourcecode.swift; path = MainController.swift; sourceTree = "<group>"; };
/* End PBXFileReference section */

/* Begin PBXFrameworksBuildPhase section */
		3E9498901C6BCA4600342B1D /* Frameworks */ = {
			isa = PBXFrameworksBuildPhase;
			buildActionMask = 2147483647;
			files = (
			);
			runOnlyForDeploymentPostprocessing = 0;
		};
/* End PBXFrameworksBuildPhase section */

/* Begin PBXGroup section */
		3E94988A1C6BCA4600342B1D = {
			isa = PBXGroup;
			children = (
				3E9498951C6BCA4600342B1D /* OpenLibraryFinal */,
				3E9498941C6BCA4600342B1D /* Products */,
			);
			sourceTree = "<group>";
		};
		3E9498941C6BCA4600342B1D /* Products */ = {
			isa = PBXGroup;
			children = (
				3E9498931C6BCA4600342B1D /* OpenLibraryFinal.app */,
			);
			name = Products;
			sourceTree = "<group>";
		};
		3E9498951C6BCA4600342B1D /* OpenLibraryFinal */ = {
			isa = PBXGroup;
			children = (
				3E9498AB1C6BCC9C00342B1D /* CellViewController.swift */,
				3E9498AC1C6BCC9C00342B1D /* MainController.swift */,
				3E9498961C6BCA4600342B1D /* AppDelegate.swift */,
				3E94989A1C6BCA4600342B1D /* Main.storyboard */,
				3E9498A01C6BCA4700342B1D /* Assets.xcassets */,
				3E9498A21C6BCA4700342B1D /* LaunchScreen.storyboard */,
				3E9498A51C6BCA4700342B1D /* Info.plist */,
				3E94989D1C6BCA4600342B1D /* OpenLibraryFinal.xcdatamodeld */,
			);
			path = OpenLibraryFinal;
			sourceTree = "<group>";
		};
/* End PBXGroup section */

/* Begin PBXNativeTarget section */
		3E9498921C6BCA4600342B1D /* OpenLibraryFinal */ = {
			isa = PBXNativeTarget;
			buildConfigurationList = 3E9498A81C6BCA4700342B1D /* Build configuration list for PBXNativeTarget "OpenLibraryFinal" */;
			buildPhases = (
				3E94988F1C6BCA4600342B1D /* Sources */,
				3E9498901C6BCA4600342B1D /* Frameworks */,
				3E9498911C6BCA4600342B1D /* Resources */,
			);
			buildRules = (
			);
			dependencies = (
			);
			name = OpenLibraryFinal;
			productName = OpenLibraryFinal;
			productReference = 3E9498931C6BCA4600342B1D /* OpenLibraryFinal.app */;
			productType = "com.apple.product-type.application";
		};
/* End PBXNativeTarget section */

/* Begin PBXProject section */
		3E94988B1C6BCA4600342B1D /* Project object */ = {
			isa = PBXProject;
			attributes = {
				LastSwiftUpdateCheck = 0720;
				LastUpgradeCheck = 0720;
				ORGANIZATIONNAME = Coursera;
				TargetAttributes = {
					3E9498921C6BCA4600342B1D = {
						CreatedOnToolsVersion = 7.2;
					};
				};
			};
			buildConfigurationList = 3E94988E1C6BCA4600342B1D /* Build configuration list for PBXProject "OpenLibraryFinal" */;
			compatibilityVersion = "Xcode 3.2";
			developmentRegion = English;
			hasScannedForEncodings = 0;
			knownRegions = (
				en,
				Base,
			);
			mainGroup = 3E94988A1C6BCA4600342B1D;
			productRefGroup = 3E9498941C6BCA4600342B1D /* Products */;
			projectDirPath = "";
			projectRoot = "";
			targets = (
				3E9498921C6BCA4600342B1D /* OpenLibraryFinal */,
			);
		};
/* End PBXProject section */

/* Begin PBXResourcesBuildPhase section */
		3E9498911C6BCA4600342B1D /* Resources */ = {
			isa = PBXResourcesBuildPhase;
			buildActionMask = 2147483647;
			files = (
				3E9498A41C6BCA4700342B1D /* LaunchScreen.storyboard in Resources */,
				3E9498A11C6BCA4700342B1D /* Assets.xcassets in Resources */,
				3E94989C1C6BCA4600342B1D /* Main.storyboard in Resources */,
			);
			runOnlyForDeploymentPostprocessing = 0;
		};
/* End PBXResourcesBuildPhase section */

/* Begin PBXSourcesBuildPhase section */
		3E94988F1C6BCA4600342B1D /* Sources */ = {
			isa = PBXSourcesBuildPhase;
			buildActionMask = 2147483647;
			files = (
				3E9498AE1C6BCC9C00342B1D /* MainController.swift in Sources */,
				3E9498AD1C6BCC9C00342B1D /* CellViewController.swift in Sources */,
				3E9498971C6BCA4600342B1D /* AppDelegate.swift in Sources */,
				3E94989F1C6BCA4600342B1D /* OpenLibraryFinal.xcdatamodeld in Sources */,
			);
			runOnlyForDeploymentPostprocessing = 0;
		};
/* End PBXSourcesBuildPhase section */

/* Begin PBXVariantGroup section */
		3E94989A1C6BCA4600342B1D /* Main.storyboard */ = {
			isa = PBXVariantGroup;
			children = (
				3E94989B1C6BCA4600342B1D /* Base */,
			);
			name = Main.storyboard;
			sourceTree = "<group>";
		};
		3E9498A21C6BCA4700342B1D /* LaunchScreen.storyboard */ = {
			isa = PBXVariantGroup;
			children = (
				3E9498A31C6BCA4700342B1D /* Base */,
			);
			name = LaunchScreen.storyboard;
			sourceTree = "<group>";
		};
/* End PBXVariantGroup section */

/* Begin XCBuildConfiguration section */
		3E9498A61C6BCA4700342B1D /* Debug */ = {
			isa = XCBuildConfiguration;
			buildSettings = {
				ALWAYS_SEARCH_USER_PATHS = NO;
				CLANG_CXX_LANGUAGE_STANDARD = "gnu++0x";
				CLANG_CXX_LIBRARY = "libc++";
				CLANG_ENABLE_MODULES = YES;
				CLANG_ENABLE_OBJC_ARC = YES;
				CLANG_WARN_BOOL_CONVERSION = YES;
				CLANG_WARN_CONSTANT_CONVERSION = YES;
				CLANG_WARN_DIRECT_OBJC_ISA_USAGE = YES_ERROR;
				CLANG_WARN_EMPTY_BODY = YES;
				CLANG_WARN_ENUM_CONVERSION = YES;
				CLANG_WARN_INT_CONVERSION = YES;
				CLANG_WARN_OBJC_ROOT_CLASS = YES_ERROR;
				CLANG_WARN_UNREACHABLE_CODE = YES;
				CLANG_WARN__DUPLICATE_METHOD_MATCH = YES;
				"CODE_SIGN_IDENTITY[sdk=iphoneos*]" = "iPhone Developer";
				COPY_PHASE_STRIP = NO;
				DEBUG_INFORMATION_FORMAT = dwarf;
				ENABLE_STRICT_OBJC_MSGSEND = YES;
				ENABLE_TESTABILITY = YES;
				GCC_C_LANGUAGE_STANDARD = gnu99;
				GCC_DYNAMIC_NO_PIC = NO;
				GCC_NO_COMMON_BLOCKS = YES;
				GCC_OPTIMIZATION_LEVEL = 0;
				GCC_PREPROCESSOR_DEFINITIONS = (
					"DEBUG=1",
					"$(inherited)",
				);
				GCC_WARN_64_TO_32_BIT_CONVERSION = YES;
				GCC_WARN_ABOUT_RETURN_TYPE = YES_ERROR;
				GCC_WARN_UNDECLARED_SELECTOR = YES;
				GCC_WARN_UNINITIALIZED_AUTOS = YES_AGGRESSIVE;
				GCC_WARN_UNUSED_FUNCTION = YES;
				GCC_WARN_UNUSED_VARIABLE = YES;
				IPHONEOS_DEPLOYMENT_TARGET = 9.2;
				MTL_ENABLE_DEBUG_INFO = YES;
				ONLY_ACTIVE_ARCH = YES;
				SDKROOT = iphoneos;
				SWIFT_OPTIMIZATION_LEVEL = "-Onone";
			};
			name = Debug;
		};
		3E9498A71C6BCA4700342B1D /* Release */ = {
			isa = XCBuildConfiguration;
			buildSettings = {
				ALWAYS_SEARCH_USER_PATHS = NO;
				CLANG_CXX_LANGUAGE_STANDARD = "gnu++0x";
				CLANG_CXX_LIBRARY = "libc++";
				CLANG_ENABLE_MODULES = YES;
				CLANG_ENABLE_OBJC_ARC = YES;
				CLANG_WARN_BOOL_CONVERSION = YES;
				CLANG_WARN_CONSTANT_CONVERSION = YES;
				CLANG_WARN_DIRECT_OBJC_ISA_USAGE = YES_ERROR;
				CLANG_WARN_EMPTY_BODY = YES;
				CLANG_WARN_ENUM_CONVERSION = YES;
				CLANG_WARN_INT_CONVERSION = YES;
				CLANG_WARN_OBJC_ROOT_CLASS = YES_ERROR;
				CLANG_WARN_UNREACHABLE_CODE = YES;
				CLANG_WARN__DUPLICATE_METHOD_MATCH = YES;
				"CODE_SIGN_IDENTITY[sdk=iphoneos*]" = "iPhone Developer";
				COPY_PHASE_STRIP = NO;
				DEBUG_INFORMATION_FORMAT = "dwarf-with-dsym";
				ENABLE_NS_ASSERTIONS = NO;
				ENABLE_STRICT_OBJC_MSGSEND = YES;
				GCC_C_LANGUAGE_STANDARD = gnu99;
				GCC_NO_COMMON_BLOCKS = YES;
				GCC_WARN_64_TO_32_BIT_CONVERSION = YES;
				GCC_WARN_ABOUT_RETURN_TYPE = YES_ERROR;
				GCC_WARN_UNDECLARED_SELECTOR = YES;
				GCC_WARN_UNINITIALIZED_AUTOS = YES_AGGRESSIVE;
				GCC_WARN_UNUSED_FUNCTION = YES;
				GCC_WARN_UNUSED_VARIABLE = YES;
				IPHONEOS_DEPLOYMENT_TARGET = 9.2;
				MTL_ENABLE_DEBUG_INFO = NO;
				SDKROOT = iphoneos;
				VALIDATE_PRODUCT = YES;
			};
			name = Release;
		};
		3E9498A91C6BCA4700342B1D /* Debug */ = {
			isa = XCBuildConfiguration;
			buildSettings = {
				ASSETCATALOG_COMPILER_APPICON_NAME = AppIcon;
				INFOPLIST_FILE = OpenLibraryFinal/Info.plist;
				LD_RUNPATH_SEARCH_PATHS = "$(inherited) @executable_path/Frameworks";
				PRODUCT_BUNDLE_IDENTIFIER = Coursera.OpenLibraryFinal;
				PRODUCT_NAME = "$(TARGET_NAME)";
			};
			name = Debug;
		};
		3E9498AA1C6BCA4700342B1D /* Release */ = {
			isa = XCBuildConfiguration;
			buildSettings = {
				ASSETCATALOG_COMPILER_APPICON_NAME = AppIcon;
				INFOPLIST_FILE = OpenLibraryFinal/Info.plist;
				LD_RUNPATH_SEARCH_PATHS = "$(inherited) @executable_path/Frameworks";
				PRODUCT_BUNDLE_IDENTIFIER = Coursera.OpenLibraryFinal;
				PRODUCT_NAME = "$(TARGET_NAME)";
			};
			name = Release;
		};
/* End XCBuildConfiguration section */

/* Begin XCConfigurationList section */
		3E94988E1C6BCA4600342B1D /* Build configuration list for PBXProject "OpenLibraryFinal" */ = {
			isa = XCConfigurationList;
			buildConfigurations = (
				3E9498A61C6BCA4700342B1D /* Debug */,
				3E9498A71C6BCA4700342B1D /* Release */,
			);
			defaultConfigurationIsVisible = 0;
			defaultConfigurationName = Release;
		};
		3E9498A81C6BCA4700342B1D /* Build configuration list for PBXNativeTarget "OpenLibraryFinal" */ = {
			isa = XCConfigurationList;
			buildConfigurations = (
				3E9498A91C6BCA4700342B1D /* Debug */,
				3E9498AA1C6BCA4700342B1D /* Release */,
			);
			defaultConfigurationIsVisible = 0;
		};
/* End XCConfigurationList section */

/* Begin XCVersionGroup section */
		3E94989D1C6BCA4600342B1D /* OpenLibraryFinal.xcdatamodeld */ = {
			isa = XCVersionGroup;
			children = (
				3E94989E1C6BCA4600342B1D /* OpenLibraryFinal.xcdatamodel */,
			);
			currentVersion = 3E94989E1C6BCA4600342B1D /* OpenLibraryFinal.xcdatamodel */;
			path = OpenLibraryFinal.xcdatamodeld;
			sourceTree = "<group>";
			versionGroupType = wrapper.xcdatamodel;
		};
/* End XCVersionGroup section */
	};
	rootObject = 3E94988B1C6BCA4600342B1D /* Project object */;
}
